
Microsoft Visual Studio Solution File, Format Version 12.00
# Visual Studio 15
VisualStudioVersion = 15.0.27703.2035
MinimumVisualStudioVersion = 10.0.40219.1
Project("{9A19103F-16F7-4668-BE54-9A1E7A4F7556}") = "MultiLaguageUse", "MultiLaguageUse\MultiLaguageUse.csproj", "{183468A1-31BC-4B45-908A-C03D7BEEFB61}"
EndProject
Project("{FAE04EC0-301F-11D3-BF4B-00C04F79EFBC}") = "TxtToResources", "TxtToResources\TxtToResources.csproj", "{B8AE32A4-58F2-409A-BC32-190B69A3E00D}"
EndProject
Project("{FAE04EC0-301F-11D3-BF4B-00C04F79EFBC}") = "MultiLaguageLibrary", "MultiLaguageLibrary\MultiLaguageLibrary.csproj", "{452DB55C-1127-42D1-9AD9-7C086C0407EE}"
EndProject
Project("{FAE04EC0-301F-11D3-BF4B-00C04F79EFBC}") = "MultiLanguageWebTest", "MultiLanguageWebTest\MultiLanguageWebTest.csproj", "{FADBE1AA-C6B1-4687-9550-74167B9457C3}"
EndProject
Global
	GlobalSection(SolutionConfigurationPlatforms) = preSolution
		Debug|Any CPU = Debug|Any CPU
		Release|Any CPU = Release|Any CPU
	EndGlobalSection
	GlobalSection(ProjectConfigurationPlatforms) = postSolution
		{183468A1-31BC-4B45-908A-C03D7BEEFB61}.Debug|Any CPU.ActiveCfg = Debug|Any CPU
		{183468A1-31BC-4B45-908A-C03D7BEEFB61}.Debug|Any CPU.Build.0 = Debug|Any CPU
		{183468A1-31BC-4B45-908A-C03D7BEEFB61}.Release|Any CPU.ActiveCfg = Release|Any CPU
		{183468A1-31BC-4B45-908A-C03D7BEEFB61}.Release|Any CPU.Build.0 = Release|Any CPU
		{B8AE32A4-58F2-409A-BC32-190B69A3E00D}.Debug|Any CPU.ActiveCfg = Debug|Any CPU
		{B8AE32A4-58F2-409A-BC32-190B69A3E00D}.Debug|Any CPU.Build.0 = Debug|Any CPU
		{B8AE32A4-58F2-409A-BC32-190B69A3E00D}.Release|Any CPU.ActiveCfg = Release|Any CPU
		{B8AE32A4-58F2-409A-BC32-190B69A3E00D}.Release|Any CPU.Build.0 = Release|Any CPU
		{452DB55C-1127-42D1-9AD9-7C086C0407EE}.Debug|Any CPU.ActiveCfg = Debug|Any CPU
		{452DB55C-1127-42D1-9AD9-7C086C0407EE}.Debug|Any CPU.Build.0 = Debug|Any CPU
		{452DB55C-1127-42D1-9AD9-7C086C0407EE}.Release|Any CPU.ActiveCfg = Release|Any CPU
		{452DB55C-1127-42D1-9AD9-7C086C0407EE}.Release|Any CPU.Build.0 = Release|Any CPU
		{FADBE1AA-C6B1-4687-9550-74167B9457C3}.Debug|Any CPU.ActiveCfg = Debug|Any CPU
		{FADBE1AA-C6B1-4687-9550-74167B9457C3}.Debug|Any CPU.Build.0 = Debug|Any CPU
		{FADBE1AA-C6B1-4687-9550-74167B9457C3}.Release|Any CPU.ActiveCfg = Release|Any CPU
		{FADBE1AA-C6B1-4687-9550-74167B9457C3}.Release|Any CPU.Build.0 = Release|Any CPU
	EndGlobalSection
	GlobalSection(SolutionProperties) = preSolution
		HideSolutionNode = FALSE
	EndGlobalSection
	GlobalSection(ExtensibilityGlobals) = postSolution
		SolutionGuid = {D557D544-5DFC-4F03-8D91-B90FC58779F5}
	EndGlobalSection
EndGlobal
